
Microsoft Visual Studio Solution File, Format Version 12.00
# Visual Studio Version 17
VisualStudioVersion = 17.13.35931.197
MinimumVisualStudioVersion = 10.0.40219.1
Project("{FAE04EC0-301F-11D3-BF4B-00C04F79EFBC}") = "Botana", "Botana.csproj", "{B0284417-5336-4CBA-9E9D-EEF312E4F1EE}"
EndProject
Project("{2150E333-8FDC-42A3-9474-1A3956D46DE8}") = "Solution Items", "Solution Items", "{8EC462FD-D22E-90A8-E5CE-7E832BA40C5D}"
EndProject
Global
	GlobalSection(SolutionConfigurationPlatforms) = preSolution
		Debug|Any CPU = Debug|Any CPU
		Release|Any CPU = Release|Any CPU
	EndGlobalSection
	GlobalSection(ProjectConfigurationPlatforms) = postSolution
		{B0284417-5336-4CBA-9E9D-EEF312E4F1EE}.Debug|Any CPU.ActiveCfg = Debug|Any CPU
		{B0284417-5336-4CBA-9E9D-EEF312E4F1EE}.Debug|Any CPU.Build.0 = Debug|Any CPU
		{B0284417-5336-4CBA-9E9D-EEF312E4F1EE}.Release|Any CPU.ActiveCfg = Release|Any CPU
		{B0284417-5336-4CBA-9E9D-EEF312E4F1EE}.Release|Any CPU.Build.0 = Release|Any CPU
	EndGlobalSection
	GlobalSection(SolutionProperties) = preSolution
		HideSolutionNode = FALSE
	EndGlobalSection
	GlobalSection(ExtensibilityGlobals) = postSolution
		SolutionGuid = {505E66DE-EE4C-49E1-8075-34B9A4B9F1A8}
	EndGlobalSection
EndGlobal
